
Microsoft Visual Studio Solution File, Format Version 12.00
# Visual Studio Express 2012 for Windows Desktop
Project("{8BC9CEB8-8B4A-11D0-8D11-00A0C91BC942}") = "NETMapnik", "NETMapnik\NETMapnik.vcxproj", "{B84651B2-ECBF-4DAD-B501-DA67268D99D3}"
EndProject
Global
	GlobalSection(SolutionConfigurationPlatforms) = preSolution
		Debug|Win32 = Debug|Win32
		Release|Win32 = Release|Win32
	EndGlobalSection
	GlobalSection(ProjectConfigurationPlatforms) = postSolution
		{B84651B2-ECBF-4DAD-B501-DA67268D99D3}.Debug|Win32.ActiveCfg = Debug|Win32
		{B84651B2-ECBF-4DAD-B501-DA67268D99D3}.Debug|Win32.Build.0 = Debug|Win32
		{B84651B2-ECBF-4DAD-B501-DA67268D99D3}.Release|Win32.ActiveCfg = Release|Win32
		{B84651B2-ECBF-4DAD-B501-DA67268D99D3}.Release|Win32.Build.0 = Release|Win32
	EndGlobalSection
	GlobalSection(SolutionProperties) = preSolution
		HideSolutionNode = FALSE
	EndGlobalSection
EndGlobal
